
Microsoft Visual Studio Solution File, Format Version 12.00
# Visual Studio 15
VisualStudioVersion = 15.0.28307.779
MinimumVisualStudioVersion = 10.0.40219.1
Project("{FAE04EC0-301F-11D3-BF4B-00C04F79EFBC}") = "WindowsFormsAirplane", "WindowsFormsAirplane\WindowsFormsAirplane.csproj", "{A820B40C-BE99-4C6A-9B19-A21004E22F89}"
EndProject
Global
	GlobalSection(SolutionConfigurationPlatforms) = preSolution
		Debug|Any CPU = Debug|Any CPU
		Release|Any CPU = Release|Any CPU
	EndGlobalSection
	GlobalSection(ProjectConfigurationPlatforms) = postSolution
		{A820B40C-BE99-4C6A-9B19-A21004E22F89}.Debug|Any CPU.ActiveCfg = Debug|Any CPU
		{A820B40C-BE99-4C6A-9B19-A21004E22F89}.Debug|Any CPU.Build.0 = Debug|Any CPU
		{A820B40C-BE99-4C6A-9B19-A21004E22F89}.Release|Any CPU.ActiveCfg = Release|Any CPU
		{A820B40C-BE99-4C6A-9B19-A21004E22F89}.Release|Any CPU.Build.0 = Release|Any CPU
	EndGlobalSection
	GlobalSection(SolutionProperties) = preSolution
		HideSolutionNode = FALSE
	EndGlobalSection
	GlobalSection(ExtensibilityGlobals) = postSolution
		SolutionGuid = {43014615-D5B5-4661-B686-49D634F2E0FA}
	EndGlobalSection
EndGlobal
